
Microsoft Visual Studio Solution File, Format Version 12.00
Project("{FAE04EC0-301F-11D3-BF4B-00C04F79EFBC}") = "Basket", "Basket\Basket.csproj", "{C1B1C919-3056-4C06-A12D-E181DCC24978}"
EndProject
Global
	GlobalSection(SolutionConfigurationPlatforms) = preSolution
		Debug|Any CPU = Debug|Any CPU
		Release|Any CPU = Release|Any CPU
	EndGlobalSection
	GlobalSection(ProjectConfigurationPlatforms) = postSolution
		{C1B1C919-3056-4C06-A12D-E181DCC24978}.Debug|Any CPU.ActiveCfg = Debug|Any CPU
		{C1B1C919-3056-4C06-A12D-E181DCC24978}.Debug|Any CPU.Build.0 = Debug|Any CPU
		{C1B1C919-3056-4C06-A12D-E181DCC24978}.Release|Any CPU.ActiveCfg = Release|Any CPU
		{C1B1C919-3056-4C06-A12D-E181DCC24978}.Release|Any CPU.Build.0 = Release|Any CPU
	EndGlobalSection
EndGlobal
